
Microsoft Visual Studio Solution File, Format Version 12.00
# Visual Studio 14
VisualStudioVersion = 14.0.24720.0
MinimumVisualStudioVersion = 10.0.40219.1
Project("{2150E333-8FDC-42A3-9474-1A3956D46DE8}") = "src", "src", "{9E17A9CF-3F4D-41A2-86D1-5460BE79B04C}"
EndProject
Project("{2150E333-8FDC-42A3-9474-1A3956D46DE8}") = "Solution Items", "Solution Items", "{27A70AD1-A5B8-44DA-824E-73F722FE5A43}"
	ProjectSection(SolutionItems) = preProject
		global.json = global.json
	EndProjectSection
EndProject
Project("{8BB2217D-0F2D-49D1-97BC-3654ED321F3B}") = "PhotoGallery", "src\PhotoGallery\PhotoGallery.xproj", "{220DB7D6-0F9C-4C75-B061-4CAC4357202D}"
EndProject
Global
	GlobalSection(SolutionConfigurationPlatforms) = preSolution
		Debug|Any CPU = Debug|Any CPU
		Release|Any CPU = Release|Any CPU
	EndGlobalSection
	GlobalSection(ProjectConfigurationPlatforms) = postSolution
		{220DB7D6-0F9C-4C75-B061-4CAC4357202D}.Debug|Any CPU.ActiveCfg = Debug|Any CPU
		{220DB7D6-0F9C-4C75-B061-4CAC4357202D}.Debug|Any CPU.Build.0 = Debug|Any CPU
		{220DB7D6-0F9C-4C75-B061-4CAC4357202D}.Release|Any CPU.ActiveCfg = Release|Any CPU
		{220DB7D6-0F9C-4C75-B061-4CAC4357202D}.Release|Any CPU.Build.0 = Release|Any CPU
	EndGlobalSection
	GlobalSection(SolutionProperties) = preSolution
		HideSolutionNode = FALSE
	EndGlobalSection
	GlobalSection(NestedProjects) = preSolution
		{220DB7D6-0F9C-4C75-B061-4CAC4357202D} = {9E17A9CF-3F4D-41A2-86D1-5460BE79B04C}
	EndGlobalSection
EndGlobal
